
Microsoft Visual Studio Solution File, Format Version 12.00
# Visual Studio Version 16
VisualStudioVersion = 16.0.29409.12
MinimumVisualStudioVersion = 10.0.40219.1
Project("{9A19103F-16F7-4668-BE54-9A1E7A4F7556}") = "Hahn.ApplicatonProcess.May2020.Web", "Hahn.ApplicatonProcess.May2020.Web\Hahn.ApplicatonProcess.May2020.Web.csproj", "{C84BC5A3-9619-4B63-90A3-F16908717E7E}"
EndProject
Project("{9A19103F-16F7-4668-BE54-9A1E7A4F7556}") = "Hahn.ApplicatonProcess.May2020.Data", "Hahn.ApplicatonProcess.May2020.Data\Hahn.ApplicatonProcess.May2020.Data.csproj", "{44A92B8C-7ACA-4E33-917C-97788166FCFC}"
EndProject
Project("{9A19103F-16F7-4668-BE54-9A1E7A4F7556}") = "Hahn.ApplicatonProcess.May2020.Domain", "Hahn.ApplicatonProcess.May2020.Domain\Hahn.ApplicatonProcess.May2020.Domain.csproj", "{81B16C46-BFFD-4CBB-9E53-5B72F6F58539}"
EndProject
Project("{FAE04EC0-301F-11D3-BF4B-00C04F79EFBC}") = "Hahn.ApplicatonProcess.My20202.Tests", "Hahn.ApplicatonProcess.My20202.Tests\Hahn.ApplicatonProcess.My20202.Tests.csproj", "{0509B0D1-6DC8-4580-B179-18D00FCCE2C4}"
EndProject
Global
	GlobalSection(SolutionConfigurationPlatforms) = preSolution
		Debug|Any CPU = Debug|Any CPU
		Release|Any CPU = Release|Any CPU
	EndGlobalSection
	GlobalSection(ProjectConfigurationPlatforms) = postSolution
		{C84BC5A3-9619-4B63-90A3-F16908717E7E}.Debug|Any CPU.ActiveCfg = Debug|Any CPU
		{C84BC5A3-9619-4B63-90A3-F16908717E7E}.Debug|Any CPU.Build.0 = Debug|Any CPU
		{C84BC5A3-9619-4B63-90A3-F16908717E7E}.Release|Any CPU.ActiveCfg = Release|Any CPU
		{C84BC5A3-9619-4B63-90A3-F16908717E7E}.Release|Any CPU.Build.0 = Release|Any CPU
		{44A92B8C-7ACA-4E33-917C-97788166FCFC}.Debug|Any CPU.ActiveCfg = Debug|Any CPU
		{44A92B8C-7ACA-4E33-917C-97788166FCFC}.Debug|Any CPU.Build.0 = Debug|Any CPU
		{44A92B8C-7ACA-4E33-917C-97788166FCFC}.Release|Any CPU.ActiveCfg = Release|Any CPU
		{44A92B8C-7ACA-4E33-917C-97788166FCFC}.Release|Any CPU.Build.0 = Release|Any CPU
		{81B16C46-BFFD-4CBB-9E53-5B72F6F58539}.Debug|Any CPU.ActiveCfg = Debug|Any CPU
		{81B16C46-BFFD-4CBB-9E53-5B72F6F58539}.Debug|Any CPU.Build.0 = Debug|Any CPU
		{81B16C46-BFFD-4CBB-9E53-5B72F6F58539}.Release|Any CPU.ActiveCfg = Release|Any CPU
		{81B16C46-BFFD-4CBB-9E53-5B72F6F58539}.Release|Any CPU.Build.0 = Release|Any CPU
		{0509B0D1-6DC8-4580-B179-18D00FCCE2C4}.Debug|Any CPU.ActiveCfg = Debug|Any CPU
		{0509B0D1-6DC8-4580-B179-18D00FCCE2C4}.Debug|Any CPU.Build.0 = Debug|Any CPU
		{0509B0D1-6DC8-4580-B179-18D00FCCE2C4}.Release|Any CPU.ActiveCfg = Release|Any CPU
		{0509B0D1-6DC8-4580-B179-18D00FCCE2C4}.Release|Any CPU.Build.0 = Release|Any CPU
	EndGlobalSection
	GlobalSection(SolutionProperties) = preSolution
		HideSolutionNode = FALSE
	EndGlobalSection
	GlobalSection(ExtensibilityGlobals) = postSolution
		SolutionGuid = {7FF0FB14-40DD-46B5-8F59-DE29363F321A}
	EndGlobalSection
EndGlobal
